
Microsoft Visual Studio Solution File, Format Version 12.00
# Visual Studio Version 17
VisualStudioVersion = 17.9.34728.123
MinimumVisualStudioVersion = 10.0.40219.1
Project("{FAE04EC0-301F-11D3-BF4B-00C04F79EFBC}") = "Project", "Project\Project.csproj", "{61CB8986-FEEF-4FD3-94BD-A3DB1B59221E}"
EndProject
Project("{2150E333-8FDC-42A3-9474-1A3956D46DE8}") = "솔루션 항목", "솔루션 항목", "{720DAA63-2D07-4561-B37E-040757797E89}"
EndProject
Global
	GlobalSection(SolutionConfigurationPlatforms) = preSolution
		Debug|Any CPU = Debug|Any CPU
		Release|Any CPU = Release|Any CPU
	EndGlobalSection
	GlobalSection(ProjectConfigurationPlatforms) = postSolution
		{61CB8986-FEEF-4FD3-94BD-A3DB1B59221E}.Debug|Any CPU.ActiveCfg = Debug|Any CPU
		{61CB8986-FEEF-4FD3-94BD-A3DB1B59221E}.Debug|Any CPU.Build.0 = Debug|Any CPU
		{61CB8986-FEEF-4FD3-94BD-A3DB1B59221E}.Release|Any CPU.ActiveCfg = Release|Any CPU
		{61CB8986-FEEF-4FD3-94BD-A3DB1B59221E}.Release|Any CPU.Build.0 = Release|Any CPU
	EndGlobalSection
	GlobalSection(SolutionProperties) = preSolution
		HideSolutionNode = FALSE
	EndGlobalSection
	GlobalSection(ExtensibilityGlobals) = postSolution
		SolutionGuid = {823316C1-74B8-436D-BD61-DA6BF837EF45}
	EndGlobalSection
EndGlobal
